PODS:
  - ASIHTTPRequest (1.8.2):
    - ASIHTTPRequest/ASIWebPageRequest (= 1.8.2)
    - ASIHTTPRequest/CloudFiles (= 1.8.2)
    - ASIHTTPRequest/Core (= 1.8.2)
    - ASIHTTPRequest/S3 (= 1.8.2)
  - ASIHTTPRequest/ASIWebPageRequest (1.8.2):
    - ASIHTTPRequest/Core
  - ASIHTTPRequest/CloudFiles (1.8.2):
    - ASIHTTPRequest/Core
  - ASIHTTPRequest/Core (1.8.2):
    - Reachability
  - ASIHTTPRequest/S3 (1.8.2):
    - ASIHTTPRequest/Core
  - AVHexColor (2.0.0)
  - Bolts (1.7.0):
    - Bolts/AppLinks (= 1.7.0)
    - Bolts/Tasks (= 1.7.0)
  - Bolts/AppLinks (1.7.0):
    - Bolts/Tasks
  - Bolts/Tasks (1.7.0)
  - FBPLUGIN (0.4.7):
    - ASIHTTPRequest (~> 1.8)
    - AVHexColor (~> 2.0)
    - FBSDKCoreKit (~> 4.4)
    - FBSDKLoginKit (~> 4.4)
    - hpple (~> 0.2)
    - IAPHelper
    - JCNotificationBannerPresenter (~> 1.1)
    - JSONKit-NoWarning (~> 1.2)
    - SDWebImage (~> 3.7)
    - SVProgressHUD
    - Toast (~> 2.4)
  - FBSDKCoreKit (4.11.0):
    - Bolts (~> 1.7)
  - FBSDKLoginKit (4.11.0):
    - FBSDKCoreKit
  - hpple (0.2.0)
  - IAPHelper (1.0.8.1)
  - JCNotificationBannerPresenter (1.1.2)
  - JSONKit-NoWarning (1.2)
  - Reachability (3.2)
  - SDWebImage (3.7.6):
    - SDWebImage/Core (= 3.7.6)
  - SDWebImage/Core (3.7.6)
  - SVProgressHUD (2.0.3)
  - Toast (2.4)

DEPENDENCIES:
  - FBPLUGIN (from `../`)

EXTERNAL SOURCES:
  FBPLUGIN:
    :path: ../

SPEC CHECKSUMS:
  ASIHTTPRequest: ec013992946676b7978dcbde6396d57312d21db4
  AVHexColor: 33e5e102f3b6f3acd002779183ee226e21870c28
  Bolts: a0058fa3b331c5a1e4402d534f2dae36dbff31e4
  FBPLUGIN: 95866b693dfb3da9c368989078ce01f8689597e0
  FBSDKCoreKit: 686ac982723a14ec9ddb85e2f81235d7706c891b
  FBSDKLoginKit: bade9fc78277764149ccc5bfaadbf13c83175c6a
  hpple: 3b765f96fc2cd56ad1a49aef6f7be5cb2aa64b57
  IAPHelper: fbed593436838c3d40753ded319062b68c00cc38
  JCNotificationBannerPresenter: f40150961943048ed3b1d2628d29dbf66a959e21
  JSONKit-NoWarning: 3d27e6f9e6846ecf741e8c64dcadd7d5aa7193cb
  Reachability: 33e18b67625424e47b6cde6d202dce689ad7af96
  SDWebImage: c325cf02c30337336b95beff20a13df489ec0ec9
  SVProgressHUD: b0830714205bea1317ea1a2ebc71e5633af334d4
  Toast: 0773b8fc0e97352ca6054517bec7ebdd4110029d

PODFILE CHECKSUM: cb1663decdeafdaf30628c8673ee209dfc94e9fc

COCOAPODS: 1.0.0
