PODS:
  - ASIHTTPRequest (1.8.2):
    - ASIHTTPRequest/ASIWebPageRequest (= 1.8.2)
    - ASIHTTPRequest/CloudFiles (= 1.8.2)
    - ASIHTTPRequest/Core (= 1.8.2)
    - ASIHTTPRequest/S3 (= 1.8.2)
  - ASIHTTPRequest/ASIWebPageRequest (1.8.2):
    - ASIHTTPRequest/Core
  - ASIHTTPRequest/CloudFiles (1.8.2):
    - ASIHTTPRequest/Core
  - ASIHTTPRequest/Core (1.8.2):
    - Reachability
  - ASIHTTPRequest/S3 (1.8.2):
    - ASIHTTPRequest/Core
  - AVHexColor (2.0.0)
  - Bolts (1.7.0):
    - Bolts/AppLinks (= 1.7.0)
    - Bolts/Tasks (= 1.7.0)
  - Bolts/AppLinks (1.7.0):
    - Bolts/Tasks
  - Bolts/Tasks (1.7.0)
  - FBPLUGIN (0.3.8):
    - ASIHTTPRequest (~> 1.8)
    - AVHexColor (~> 2.0)
    - FBSDKCoreKit (~> 4.4)
    - FBSDKLoginKit (~> 4.4)
    - FBSDKShareKit (~> 4.4)
    - hpple (~> 0.2)
    - IAPHelper
    - JCNotificationBannerPresenter (~> 1.1)
    - JSONKit-NoWarning (~> 1.2)
    - SDWebImage (~> 3.7)
    - SVProgressHUD
    - Toast (~> 2.4)
  - FBSDKCoreKit (4.10.1):
    - Bolts (~> 1.5)
  - FBSDKLoginKit (4.10.1):
    - FBSDKCoreKit
  - FBSDKShareKit (4.10.1):
    - FBSDKCoreKit
  - hpple (0.2.0)
  - IAPHelper (1.0.8.1)
  - JCNotificationBannerPresenter (1.1.2)
  - JSONKit-NoWarning (1.2)
  - Reachability (3.2)
  - SDWebImage (3.7.5):
    - SDWebImage/Core (= 3.7.5)
  - SDWebImage/Core (3.7.5)
  - SVProgressHUD (2.0.2)
  - Toast (2.4)

DEPENDENCIES:
  - FBPLUGIN (from `../`)

EXTERNAL SOURCES:
  FBPLUGIN:
    :path: ../

SPEC CHECKSUMS:
  ASIHTTPRequest: ec013992946676b7978dcbde6396d57312d21db4
  AVHexColor: 33e5e102f3b6f3acd002779183ee226e21870c28
  Bolts: a0058fa3b331c5a1e4402d534f2dae36dbff31e4
  FBPLUGIN: f0ad46579dc29190c0e9340ac2730effad5359fd
  FBSDKCoreKit: d2aaed5e9ab7d8d6301c533376a1fbff1cf3deb5
  FBSDKLoginKit: 699ff169080e3072de4b9b0faca90bf23dc36deb
  FBSDKShareKit: 2fd887cce0056bdda91f99b2021d724a4fed8e88
  hpple: 3b765f96fc2cd56ad1a49aef6f7be5cb2aa64b57
  IAPHelper: fbed593436838c3d40753ded319062b68c00cc38
  JCNotificationBannerPresenter: f40150961943048ed3b1d2628d29dbf66a959e21
  JSONKit-NoWarning: 3d27e6f9e6846ecf741e8c64dcadd7d5aa7193cb
  Reachability: 33e18b67625424e47b6cde6d202dce689ad7af96
  SDWebImage: 69c6303e3348fba97e03f65d65d4fbc26740f461
  SVProgressHUD: e4020e23badbd7cc61bc4a80d3c1da57f166a978
  Toast: 0773b8fc0e97352ca6054517bec7ebdd4110029d

COCOAPODS: 0.39.0
